
Microsoft Visual Studio Solution File, Format Version 11.00
# Visual Studio 2010
Project("{FAE04EC0-301F-11D3-BF4B-00C04F79EFBC}") = "Assembly-CSharp", "Assembly-CSharp.csproj", "{317034D8-E5F9-3D0F-62F1-79B7F1FD3F55}"
EndProject
Project("{FAE04EC0-301F-11D3-BF4B-00C04F79EFBC}") = "Assembly-CSharp-Editor", "Assembly-CSharp-Editor.csproj", "{411B5778-B51C-78EF-8242-670E7831EC24}"
EndProject
Project("{FAE04EC0-301F-11D3-BF4B-00C04F79EFBC}") = "PackageManagerAssembly", "PackageManagerAssembly.csproj", "{8316623A-EFD3-1CA8-1986-6FEF0462DEC8}"
EndProject
Global
	GlobalSection(SolutionConfigurationPlatforms) = preSolution
		Debug|Any CPU = Debug|Any CPU
		Release|Any CPU = Release|Any CPU
	EndGlobalSection
	GlobalSection(ProjectConfigurationPlatforms) = postSolution
		{317034D8-E5F9-3D0F-62F1-79B7F1FD3F55}.Debug|Any CPU.ActiveCfg = Debug|Any CPU
		{317034D8-E5F9-3D0F-62F1-79B7F1FD3F55}.Debug|Any CPU.Build.0 = Debug|Any CPU
		{317034D8-E5F9-3D0F-62F1-79B7F1FD3F55}.Release|Any CPU.ActiveCfg = Release|Any CPU
		{317034D8-E5F9-3D0F-62F1-79B7F1FD3F55}.Release|Any CPU.Build.0 = Release|Any CPU
		{411B5778-B51C-78EF-8242-670E7831EC24}.Debug|Any CPU.ActiveCfg = Debug|Any CPU
		{411B5778-B51C-78EF-8242-670E7831EC24}.Debug|Any CPU.Build.0 = Debug|Any CPU
		{411B5778-B51C-78EF-8242-670E7831EC24}.Release|Any CPU.ActiveCfg = Release|Any CPU
		{411B5778-B51C-78EF-8242-670E7831EC24}.Release|Any CPU.Build.0 = Release|Any CPU
		{8316623A-EFD3-1CA8-1986-6FEF0462DEC8}.Debug|Any CPU.ActiveCfg = Debug|Any CPU
		{8316623A-EFD3-1CA8-1986-6FEF0462DEC8}.Debug|Any CPU.Build.0 = Debug|Any CPU
		{8316623A-EFD3-1CA8-1986-6FEF0462DEC8}.Release|Any CPU.ActiveCfg = Release|Any CPU
		{8316623A-EFD3-1CA8-1986-6FEF0462DEC8}.Release|Any CPU.Build.0 = Release|Any CPU
	EndGlobalSection
	GlobalSection(SolutionProperties) = preSolution
		HideSolutionNode = FALSE
	EndGlobalSection
	GlobalSection(MonoDevelopProperties) = preSolution
		StartupItem = Assembly-CSharp.csproj
	EndGlobalSection
EndGlobal
